
Microsoft Visual Studio Solution File, Format Version 12.00
# Visual Studio Version 17
VisualStudioVersion = 17.10.34928.147
MinimumVisualStudioVersion = 10.0.40219.1
Project("{FAE04EC0-301F-11D3-BF4B-00C04F79EFBC}") = "CapaFormularios", "CapaFormularios\CapaFormularios.csproj", "{50DBA01B-2D5E-4205-AC55-1F1E15FEEE2A}"
EndProject
Project("{FAE04EC0-301F-11D3-BF4B-00C04F79EFBC}") = "AccesoBD", "AccesoBD\AccesoBD.csproj", "{5C7B4A81-DC53-44E2-A2E7-8E76EF96936B}"
EndProject
Project("{FAE04EC0-301F-11D3-BF4B-00C04F79EFBC}") = "CapaLogica", "CapaLogica\CapaLogica.csproj", "{30DB5D91-0530-4864-A948-ACD619459DDA}"
EndProject
Project("{FAE04EC0-301F-11D3-BF4B-00C04F79EFBC}") = "CapaSoporte", "CapaSoporte\CapaSoporte.csproj", "{B4AF5A0D-2918-4AA9-851D-509F2D091F19}"
EndProject
Global
	GlobalSection(SolutionConfigurationPlatforms) = preSolution
		Debug|Any CPU = Debug|Any CPU
		Release|Any CPU = Release|Any CPU
	EndGlobalSection
	GlobalSection(ProjectConfigurationPlatforms) = postSolution
		{50DBA01B-2D5E-4205-AC55-1F1E15FEEE2A}.Debug|Any CPU.ActiveCfg = Debug|Any CPU
		{50DBA01B-2D5E-4205-AC55-1F1E15FEEE2A}.Debug|Any CPU.Build.0 = Debug|Any CPU
		{50DBA01B-2D5E-4205-AC55-1F1E15FEEE2A}.Release|Any CPU.ActiveCfg = Release|Any CPU
		{50DBA01B-2D5E-4205-AC55-1F1E15FEEE2A}.Release|Any CPU.Build.0 = Release|Any CPU
		{5C7B4A81-DC53-44E2-A2E7-8E76EF96936B}.Debug|Any CPU.ActiveCfg = Debug|Any CPU
		{5C7B4A81-DC53-44E2-A2E7-8E76EF96936B}.Debug|Any CPU.Build.0 = Debug|Any CPU
		{5C7B4A81-DC53-44E2-A2E7-8E76EF96936B}.Release|Any CPU.ActiveCfg = Release|Any CPU
		{5C7B4A81-DC53-44E2-A2E7-8E76EF96936B}.Release|Any CPU.Build.0 = Release|Any CPU
		{30DB5D91-0530-4864-A948-ACD619459DDA}.Debug|Any CPU.ActiveCfg = Debug|Any CPU
		{30DB5D91-0530-4864-A948-ACD619459DDA}.Debug|Any CPU.Build.0 = Debug|Any CPU
		{30DB5D91-0530-4864-A948-ACD619459DDA}.Release|Any CPU.ActiveCfg = Release|Any CPU
		{30DB5D91-0530-4864-A948-ACD619459DDA}.Release|Any CPU.Build.0 = Release|Any CPU
		{B4AF5A0D-2918-4AA9-851D-509F2D091F19}.Debug|Any CPU.ActiveCfg = Debug|Any CPU
		{B4AF5A0D-2918-4AA9-851D-509F2D091F19}.Debug|Any CPU.Build.0 = Debug|Any CPU
		{B4AF5A0D-2918-4AA9-851D-509F2D091F19}.Release|Any CPU.ActiveCfg = Release|Any CPU
		{B4AF5A0D-2918-4AA9-851D-509F2D091F19}.Release|Any CPU.Build.0 = Release|Any CPU
	EndGlobalSection
	GlobalSection(SolutionProperties) = preSolution
		HideSolutionNode = FALSE
	EndGlobalSection
	GlobalSection(ExtensibilityGlobals) = postSolution
		SolutionGuid = {A91AC7FD-677F-4529-9646-DFEE769C4BF0}
	EndGlobalSection
EndGlobal
